# Generated by pub
# See http://pub.dartlang.org/doc/glossary.html#lockfile
packages:
  benchmark_harness:
    description: benchmark_harness
    source: hosted
    version: "1.0.2"
  browser:
    description: browser
    source: hosted
    version: "0.9.0"
  collection_helpers:
    description: collection_helpers
    source: hosted
    version: "0.9.1"
  logging:
    description: logging
    source: hosted
    version: "0.9.1"
  vector_math:
    description:
      ref: null
      resolved-ref: "96ef600258b39588f7ca7e36ec4c3663259d4f4d"
      url: "https://github.com/johnmccutchan/vector_math.git"
    source: git
    version: "1.4.0"
