# Generated by pub
# See http://pub.dartlang.org/doc/glossary.html#lockfile
packages:
  benchmark_harness:
    description: benchmark_harness
    source: hosted
    version: "1.0.2"
  browser:
    description: browser
    source: hosted
    version: "0.9.0"
  collection:
    description: collection
    source: hosted
    version: "0.9.0"
  logging:
    description: logging
    source: hosted
    version: "0.9.1+1"
  stagexl:
    description: stagexl
    source: hosted
    version: "0.8.8"
  vector_math:
    description:
      ref: HEAD
      resolved-ref: "612fa5b0e965d2e48fea011b347847fb1814eaf8"
      url: "https://github.com/johnmccutchan/vector_math.git"
    source: git
    version: "1.4.0"
sdk: ">=1.0.0 <2.0.0"
